
Microsoft Visual Studio Solution File, Format Version 12.00
# Visual Studio Version 16
VisualStudioVersion = 16.0.30404.54
MinimumVisualStudioVersion = 15.0.26124.0
Project("{9A19103F-16F7-4668-BE54-9A1E7A4F7556}") = "AppOne", "AppOne\AppOne.csproj", "{0A067D8D-FB8B-415C-8CE7-69F5FABD5BA6}"
EndProject
Project("{9A19103F-16F7-4668-BE54-9A1E7A4F7556}") = "AppTwo", "AppTwo\AppTwo.csproj", "{5B2532D1-71AE-4A4C-88EB-EDCC1336C780}"
EndProject
Project("{2150E333-8FDC-42A3-9474-1A3956D46DE8}") = "Solution Items", "Solution Items", "{CE4FB32E-7726-4722-B31C-4FFE49703BFD}"
	ProjectSection(SolutionItems) = preProject
		.gitignore = .gitignore
		Directory.Build.props = Directory.Build.props
		tye.yaml = tye.yaml
	EndProjectSection
EndProject
Project("{9A19103F-16F7-4668-BE54-9A1E7A4F7556}") = "ClientApp", "ClientApp\ClientApp.csproj", "{6CE698A8-0B54-4AEA-9431-EE2E89A36692}"
EndProject
Project("{9A19103F-16F7-4668-BE54-9A1E7A4F7556}") = "Shared", "Shared\Shared.csproj", "{4AC62091-0556-4FED-AFEE-AB63F390A88E}"
EndProject
Global
	GlobalSection(SolutionConfigurationPlatforms) = preSolution
		Debug|Any CPU = Debug|Any CPU
		Debug|x64 = Debug|x64
		Debug|x86 = Debug|x86
		Release|Any CPU = Release|Any CPU
		Release|x64 = Release|x64
		Release|x86 = Release|x86
	EndGlobalSection
	GlobalSection(ProjectConfigurationPlatforms) = postSolution
		{0A067D8D-FB8B-415C-8CE7-69F5FABD5BA6}.Debug|Any CPU.ActiveCfg = Debug|Any CPU
		{0A067D8D-FB8B-415C-8CE7-69F5FABD5BA6}.Debug|Any CPU.Build.0 = Debug|Any CPU
		{0A067D8D-FB8B-415C-8CE7-69F5FABD5BA6}.Debug|x64.ActiveCfg = Debug|Any CPU
		{0A067D8D-FB8B-415C-8CE7-69F5FABD5BA6}.Debug|x64.Build.0 = Debug|Any CPU
		{0A067D8D-FB8B-415C-8CE7-69F5FABD5BA6}.Debug|x86.ActiveCfg = Debug|Any CPU
		{0A067D8D-FB8B-415C-8CE7-69F5FABD5BA6}.Debug|x86.Build.0 = Debug|Any CPU
		{0A067D8D-FB8B-415C-8CE7-69F5FABD5BA6}.Release|Any CPU.ActiveCfg = Release|Any CPU
		{0A067D8D-FB8B-415C-8CE7-69F5FABD5BA6}.Release|Any CPU.Build.0 = Release|Any CPU
		{0A067D8D-FB8B-415C-8CE7-69F5FABD5BA6}.Release|x64.ActiveCfg = Release|Any CPU
		{0A067D8D-FB8B-415C-8CE7-69F5FABD5BA6}.Release|x64.Build.0 = Release|Any CPU
		{0A067D8D-FB8B-415C-8CE7-69F5FABD5BA6}.Release|x86.ActiveCfg = Release|Any CPU
		{0A067D8D-FB8B-415C-8CE7-69F5FABD5BA6}.Release|x86.Build.0 = Release|Any CPU
		{5B2532D1-71AE-4A4C-88EB-EDCC1336C780}.Debug|Any CPU.ActiveCfg = Debug|Any CPU
		{5B2532D1-71AE-4A4C-88EB-EDCC1336C780}.Debug|Any CPU.Build.0 = Debug|Any CPU
		{5B2532D1-71AE-4A4C-88EB-EDCC1336C780}.Debug|x64.ActiveCfg = Debug|Any CPU
		{5B2532D1-71AE-4A4C-88EB-EDCC1336C780}.Debug|x64.Build.0 = Debug|Any CPU
		{5B2532D1-71AE-4A4C-88EB-EDCC1336C780}.Debug|x86.ActiveCfg = Debug|Any CPU
		{5B2532D1-71AE-4A4C-88EB-EDCC1336C780}.Debug|x86.Build.0 = Debug|Any CPU
		{5B2532D1-71AE-4A4C-88EB-EDCC1336C780}.Release|Any CPU.ActiveCfg = Release|Any CPU
		{5B2532D1-71AE-4A4C-88EB-EDCC1336C780}.Release|Any CPU.Build.0 = Release|Any CPU
		{5B2532D1-71AE-4A4C-88EB-EDCC1336C780}.Release|x64.ActiveCfg = Release|Any CPU
		{5B2532D1-71AE-4A4C-88EB-EDCC1336C780}.Release|x64.Build.0 = Release|Any CPU
		{5B2532D1-71AE-4A4C-88EB-EDCC1336C780}.Release|x86.ActiveCfg = Release|Any CPU
		{5B2532D1-71AE-4A4C-88EB-EDCC1336C780}.Release|x86.Build.0 = Release|Any CPU
		{6CE698A8-0B54-4AEA-9431-EE2E89A36692}.Debug|Any CPU.ActiveCfg = Debug|Any CPU
		{6CE698A8-0B54-4AEA-9431-EE2E89A36692}.Debug|Any CPU.Build.0 = Debug|Any CPU
		{6CE698A8-0B54-4AEA-9431-EE2E89A36692}.Debug|x64.ActiveCfg = Debug|Any CPU
		{6CE698A8-0B54-4AEA-9431-EE2E89A36692}.Debug|x64.Build.0 = Debug|Any CPU
		{6CE698A8-0B54-4AEA-9431-EE2E89A36692}.Debug|x86.ActiveCfg = Debug|Any CPU
		{6CE698A8-0B54-4AEA-9431-EE2E89A36692}.Debug|x86.Build.0 = Debug|Any CPU
		{6CE698A8-0B54-4AEA-9431-EE2E89A36692}.Release|Any CPU.ActiveCfg = Release|Any CPU
		{6CE698A8-0B54-4AEA-9431-EE2E89A36692}.Release|Any CPU.Build.0 = Release|Any CPU
		{6CE698A8-0B54-4AEA-9431-EE2E89A36692}.Release|x64.ActiveCfg = Release|Any CPU
		{6CE698A8-0B54-4AEA-9431-EE2E89A36692}.Release|x64.Build.0 = Release|Any CPU
		{6CE698A8-0B54-4AEA-9431-EE2E89A36692}.Release|x86.ActiveCfg = Release|Any CPU
		{6CE698A8-0B54-4AEA-9431-EE2E89A36692}.Release|x86.Build.0 = Release|Any CPU
		{4AC62091-0556-4FED-AFEE-AB63F390A88E}.Debug|Any CPU.ActiveCfg = Debug|Any CPU
		{4AC62091-0556-4FED-AFEE-AB63F390A88E}.Debug|Any CPU.Build.0 = Debug|Any CPU
		{4AC62091-0556-4FED-AFEE-AB63F390A88E}.Debug|x64.ActiveCfg = Debug|Any CPU
		{4AC62091-0556-4FED-AFEE-AB63F390A88E}.Debug|x64.Build.0 = Debug|Any CPU
		{4AC62091-0556-4FED-AFEE-AB63F390A88E}.Debug|x86.ActiveCfg = Debug|Any CPU
		{4AC62091-0556-4FED-AFEE-AB63F390A88E}.Debug|x86.Build.0 = Debug|Any CPU
		{4AC62091-0556-4FED-AFEE-AB63F390A88E}.Release|Any CPU.ActiveCfg = Release|Any CPU
		{4AC62091-0556-4FED-AFEE-AB63F390A88E}.Release|Any CPU.Build.0 = Release|Any CPU
		{4AC62091-0556-4FED-AFEE-AB63F390A88E}.Release|x64.ActiveCfg = Release|Any CPU
		{4AC62091-0556-4FED-AFEE-AB63F390A88E}.Release|x64.Build.0 = Release|Any CPU
		{4AC62091-0556-4FED-AFEE-AB63F390A88E}.Release|x86.ActiveCfg = Release|Any CPU
		{4AC62091-0556-4FED-AFEE-AB63F390A88E}.Release|x86.Build.0 = Release|Any CPU
	EndGlobalSection
	GlobalSection(SolutionProperties) = preSolution
		HideSolutionNode = FALSE
	EndGlobalSection
	GlobalSection(ExtensibilityGlobals) = postSolution
		SolutionGuid = {AA04268E-291C-493C-B25E-0B263BAF641E}
	EndGlobalSection
EndGlobal
